
Microsoft Visual Studio Solution File, Format Version 12.00
# Visual Studio Version 16
VisualStudioVersion = 16.0.30011.22
MinimumVisualStudioVersion = 10.0.40219.1
Project("{9A19103F-16F7-4668-BE54-9A1E7A4F7556}") = "TimeRecorder", "TimeRecorder\TimeRecorder.csproj", "{AE39CBB8-ED3D-4FCD-B876-F44BA3C6D261}"
EndProject
Project("{9A19103F-16F7-4668-BE54-9A1E7A4F7556}") = "TimeRecorder.Domain", "TimeRecorder.Domain\TimeRecorder.Domain.csproj", "{7EF256CD-119B-4396-AD87-E249F7986B04}"
EndProject
Project("{9A19103F-16F7-4668-BE54-9A1E7A4F7556}") = "TimeRecorder.Domain.Test", "TimeRecorder.Domain.Test\TimeRecorder.Domain.Test.csproj", "{3A05FEF7-9B6E-4E13-BAC7-379B74C05755}"
EndProject
Project("{9A19103F-16F7-4668-BE54-9A1E7A4F7556}") = "TimeRecorder.Repository.InMemory", "TimeRecorder.Repository.InMemory\TimeRecorder.Repository.InMemory.csproj", "{1104E2E9-F8F4-4871-9F82-ED0705053AC6}"
EndProject
Project("{9A19103F-16F7-4668-BE54-9A1E7A4F7556}") = "TimeRecorder.Repository.SQLite", "TimeRecorder.Repository.SQLite\TimeRecorder.Repository.SQLite.csproj", "{669DB5FC-4CF4-43EB-98CD-779AB1342DB6}"
EndProject
Project("{9A19103F-16F7-4668-BE54-9A1E7A4F7556}") = "TimeRecorder.Driver.CsvExporter", "TimeRecorder.Driver.CsvExporter\TimeRecorder.Driver.CsvExporter.csproj", "{F2863253-83EC-42AF-9292-176358CF3C22}"
EndProject
Project("{FAE04EC0-301F-11D3-BF4B-00C04F79EFBC}") = "TimeRecorder.Repository.GoogleAPI", "TimeRecorder.Repository.GoogleAPI\TimeRecorder.Repository.GoogleAPI.csproj", "{6BD0CE3E-75D1-4581-8C0A-19E51D37C718}"
EndProject
Global
	GlobalSection(SolutionConfigurationPlatforms) = preSolution
		Debug|Any CPU = Debug|Any CPU
		Release|Any CPU = Release|Any CPU
	EndGlobalSection
	GlobalSection(ProjectConfigurationPlatforms) = postSolution
		{AE39CBB8-ED3D-4FCD-B876-F44BA3C6D261}.Debug|Any CPU.ActiveCfg = Debug|Any CPU
		{AE39CBB8-ED3D-4FCD-B876-F44BA3C6D261}.Debug|Any CPU.Build.0 = Debug|Any CPU
		{AE39CBB8-ED3D-4FCD-B876-F44BA3C6D261}.Release|Any CPU.ActiveCfg = Release|Any CPU
		{AE39CBB8-ED3D-4FCD-B876-F44BA3C6D261}.Release|Any CPU.Build.0 = Release|Any CPU
		{7EF256CD-119B-4396-AD87-E249F7986B04}.Debug|Any CPU.ActiveCfg = Debug|Any CPU
		{7EF256CD-119B-4396-AD87-E249F7986B04}.Debug|Any CPU.Build.0 = Debug|Any CPU
		{7EF256CD-119B-4396-AD87-E249F7986B04}.Release|Any CPU.ActiveCfg = Release|Any CPU
		{7EF256CD-119B-4396-AD87-E249F7986B04}.Release|Any CPU.Build.0 = Release|Any CPU
		{3A05FEF7-9B6E-4E13-BAC7-379B74C05755}.Debug|Any CPU.ActiveCfg = Debug|Any CPU
		{3A05FEF7-9B6E-4E13-BAC7-379B74C05755}.Debug|Any CPU.Build.0 = Debug|Any CPU
		{3A05FEF7-9B6E-4E13-BAC7-379B74C05755}.Release|Any CPU.ActiveCfg = Release|Any CPU
		{3A05FEF7-9B6E-4E13-BAC7-379B74C05755}.Release|Any CPU.Build.0 = Release|Any CPU
		{1104E2E9-F8F4-4871-9F82-ED0705053AC6}.Debug|Any CPU.ActiveCfg = Debug|Any CPU
		{1104E2E9-F8F4-4871-9F82-ED0705053AC6}.Debug|Any CPU.Build.0 = Debug|Any CPU
		{1104E2E9-F8F4-4871-9F82-ED0705053AC6}.Release|Any CPU.ActiveCfg = Release|Any CPU
		{1104E2E9-F8F4-4871-9F82-ED0705053AC6}.Release|Any CPU.Build.0 = Release|Any CPU
		{669DB5FC-4CF4-43EB-98CD-779AB1342DB6}.Debug|Any CPU.ActiveCfg = Debug|Any CPU
		{669DB5FC-4CF4-43EB-98CD-779AB1342DB6}.Debug|Any CPU.Build.0 = Debug|Any CPU
		{669DB5FC-4CF4-43EB-98CD-779AB1342DB6}.Release|Any CPU.ActiveCfg = Release|Any CPU
		{669DB5FC-4CF4-43EB-98CD-779AB1342DB6}.Release|Any CPU.Build.0 = Release|Any CPU
		{F2863253-83EC-42AF-9292-176358CF3C22}.Debug|Any CPU.ActiveCfg = Debug|Any CPU
		{F2863253-83EC-42AF-9292-176358CF3C22}.Debug|Any CPU.Build.0 = Debug|Any CPU
		{F2863253-83EC-42AF-9292-176358CF3C22}.Release|Any CPU.ActiveCfg = Release|Any CPU
		{F2863253-83EC-42AF-9292-176358CF3C22}.Release|Any CPU.Build.0 = Release|Any CPU
		{6BD0CE3E-75D1-4581-8C0A-19E51D37C718}.Debug|Any CPU.ActiveCfg = Debug|Any CPU
		{6BD0CE3E-75D1-4581-8C0A-19E51D37C718}.Debug|Any CPU.Build.0 = Debug|Any CPU
		{6BD0CE3E-75D1-4581-8C0A-19E51D37C718}.Release|Any CPU.ActiveCfg = Release|Any CPU
		{6BD0CE3E-75D1-4581-8C0A-19E51D37C718}.Release|Any CPU.Build.0 = Release|Any CPU
	EndGlobalSection
	GlobalSection(SolutionProperties) = preSolution
		HideSolutionNode = FALSE
	EndGlobalSection
	GlobalSection(ExtensibilityGlobals) = postSolution
		SolutionGuid = {BF65D0DB-3F88-4688-A17F-33F36A3BE93E}
	EndGlobalSection
EndGlobal
